// !$*UTF8*$!
{
	archiveVersion = 1;
	classes = {
	};
	objectVersion = 48;
	objects = {

/* Begin PBXBuildFile section */
		902D033BC140C2806C3B9A4C /* Pods_Car_Connect.framework in Frameworks */ = {isa = PBXBuildFile; fileRef = F1E02FABBCB2957647B0C955 /* Pods_Car_Connect.framework */; };
		9A6E275ACC2771639DB955D4 /* Pods_Car_ConnectTests.framework in Frameworks */ = {isa = PBXBuildFile; fileRef = E07820C283C2C4A5D46B1F78 /* Pods_Car_ConnectTests.framework */; };
		C91488861FD46CB8000D7EE0 /* ParkingMeterViewController.swift in Sources */ = {isa = PBXBuildFile; fileRef = C91488851FD46CB8000D7EE0 /* ParkingMeterViewController.swift */; };
		C91488881FD47CE2000D7EE0 /* IconContainingView.swift in Sources */ = {isa = PBXBuildFile; fileRef = C91488871FD47CE2000D7EE0 /* IconContainingView.swift */; };
		C923F398201D08EC00204573 /* FloatingButton.swift in Sources */ = {isa = PBXBuildFile; fileRef = C923F397201D08EC00204573 /* FloatingButton.swift */; };
		C94330412055BAF4008095C0 /* SettingsManager.swift in Sources */ = {isa = PBXBuildFile; fileRef = C94330402055BAF4008095C0 /* SettingsManager.swift */; };
		C955CE171FBE79DE002D82B3 /* AppDelegate.swift in Sources */ = {isa = PBXBuildFile; fileRef = C955CE161FBE79DE002D82B3 /* AppDelegate.swift */; };
		C955CE191FBE79DE002D82B3 /* ParkingViewController.swift in Sources */ = {isa = PBXBuildFile; fileRef = C955CE181FBE79DE002D82B3 /* ParkingViewController.swift */; };
		C955CE1E1FBE79DE002D82B3 /* Main.storyboard in Resources */ = {isa = PBXBuildFile; fileRef = C955CE1C1FBE79DE002D82B3 /* Main.storyboard */; };
		C955CE201FBE79DE002D82B3 /* Assets.xcassets in Resources */ = {isa = PBXBuildFile; fileRef = C955CE1F1FBE79DE002D82B3 /* Assets.xcassets */; };
		C955CE231FBE79DE002D82B3 /* LaunchScreen.storyboard in Resources */ = {isa = PBXBuildFile; fileRef = C955CE211FBE79DE002D82B3 /* LaunchScreen.storyboard */; };
		C955CE2E1FBE79DE002D82B3 /* Car_ConnectTests.swift in Sources */ = {isa = PBXBuildFile; fileRef = C955CE2D1FBE79DE002D82B3 /* Car_ConnectTests.swift */; };
		C955CE391FBE79DE002D82B3 /* Car_ConnectUITests.swift in Sources */ = {isa = PBXBuildFile; fileRef = C955CE381FBE79DE002D82B3 /* Car_ConnectUITests.swift */; };
		C9662D61201E6BDC001188FF /* UIAlertController+StandardAlerts.swift in Sources */ = {isa = PBXBuildFile; fileRef = C9662D60201E6BDC001188FF /* UIAlertController+StandardAlerts.swift */; };
		C98E62F22016C8D5006F9258 /* CLLocationCoordinate2D+Dictionary.swift in Sources */ = {isa = PBXBuildFile; fileRef = C98E62F12016C8D5006F9258 /* CLLocationCoordinate2D+Dictionary.swift */; };
		C98E62F42016C950006F9258 /* StorageHandler.swift in Sources */ = {isa = PBXBuildFile; fileRef = C98E62F32016C950006F9258 /* StorageHandler.swift */; };
		C9A301A41FBE854F0064DD9F /* GoogleService-Info.plist in Resources */ = {isa = PBXBuildFile; fileRef = C9A301A31FBE854F0064DD9F /* GoogleService-Info.plist */; };
		C9A301A61FBE86590064DD9F /* AdSupport.framework in Frameworks */ = {isa = PBXBuildFile; fileRef = C9A301A51FBE86590064DD9F /* AdSupport.framework */; };
		C9A301AE1FBE8F680064DD9F /* CarConnect.ai in Resources */ = {isa = PBXBuildFile; fileRef = C9A301AA1FBE8F680064DD9F /* CarConnect.ai */; };
		C9A301AF1FBE8F680064DD9F /* CarConnectIconColor.jpg in Resources */ = {isa = PBXBuildFile; fileRef = C9A301AB1FBE8F680064DD9F /* CarConnectIconColor.jpg */; };
		C9A301B01FBE8F680064DD9F /* CarConnectIcon.pdf in Resources */ = {isa = PBXBuildFile; fileRef = C9A301AC1FBE8F680064DD9F /* CarConnectIcon.pdf */; };
		C9A301B11FBE8F680064DD9F /* CarConnectIconColor.pdf in Resources */ = {isa = PBXBuildFile; fileRef = C9A301AD1FBE8F680064DD9F /* CarConnectIconColor.pdf */; };
		C9A301B51FBE901B0064DD9F /* iTunesArtwork@1x.png in Resources */ = {isa = PBXBuildFile; fileRef = C9A301B21FBE901B0064DD9F /* iTunesArtwork@1x.png */; };
		C9A301B61FBE901B0064DD9F /* iTunesArtwork@2x.png in Resources */ = {isa = PBXBuildFile; fileRef = C9A301B31FBE901B0064DD9F /* iTunesArtwork@2x.png */; };
		C9A301B71FBE901B0064DD9F /* iTunesArtwork@3x.png in Resources */ = {isa = PBXBuildFile; fileRef = C9A301B41FBE901B0064DD9F /* iTunesArtwork@3x.png */; };
		C9A301B91FBE93190064DD9F /* CarConnect+Extensions.swift in Sources */ = {isa = PBXBuildFile; fileRef = C9A301B81FBE93190064DD9F /* CarConnect+Extensions.swift */; };
		C9ED3D621FE6DDA90096BDF2 /* CoreLocation.framework in Frameworks */ = {isa = PBXBuildFile; fileRef = C9ED3D611FE6DDA90096BDF2 /* CoreLocation.framework */; };
		C9ED3D641FE6DED20096BDF2 /* LocationManager.swift in Sources */ = {isa = PBXBuildFile; fileRef = C9ED3D631FE6DED20096BDF2 /* LocationManager.swift */; };
		C9EDFDD22029394B00A721AE /* ConfigurableActionTextField.swift in Sources */ = {isa = PBXBuildFile; fileRef = C9EDFDD12029394B00A721AE /* ConfigurableActionTextField.swift */; };
		C9F057CD201E7ECE00DCE906 /* ArchivesToEllipse.gpx in Resources */ = {isa = PBXBuildFile; fileRef = C9F057CC201E7ECE00DCE906 /* ArchivesToEllipse.gpx */; };
		C9FA43F0201D2ED400989776 /* National Archives.gpx in Resources */ = {isa = PBXBuildFile; fileRef = C9FA43EF201D2ED400989776 /* National Archives.gpx */; };
		C9FA43F2201D305B00989776 /* The Ellipse.gpx in Resources */ = {isa = PBXBuildFile; fileRef = C9FA43F1201D305B00989776 /* The Ellipse.gpx */; };
		C9FC540E2016D0410007AB20 /* Constants.swift in Sources */ = {isa = PBXBuildFile; fileRef = C9FC540D2016D0410007AB20 /* Constants.swift */; };
		D8C3EB338BE9C9B51E45E498 /* Pods_Car_ConnectUITests.framework in Frameworks */ = {isa = PBXBuildFile; fileRef = 8427A9C63DDD5BCFC23F9355 /* Pods_Car_ConnectUITests.framework */; };
/* End PBXBuildFile section */

/* Begin PBXContainerItemProxy section */
		C955CE2A1FBE79DE002D82B3 /* PBXContainerItemProxy */ = {
			isa = PBXContainerItemProxy;
			containerPortal = C955CE0B1FBE79DE002D82B3 /* Project object */;
			proxyType = 1;
			remoteGlobalIDString = C955CE121FBE79DE002D82B3;
			remoteInfo = "Car-Connect";
		};
		C955CE351FBE79DE002D82B3 /* PBXContainerItemProxy */ = {
			isa = PBXContainerItemProxy;
			containerPortal = C955CE0B1FBE79DE002D82B3 /* Project object */;
			proxyType = 1;
			remoteGlobalIDString = C955CE121FBE79DE002D82B3;
			remoteInfo = "Car-Connect";
		};
/* End PBXContainerItemProxy section */

/* Begin PBXFileReference section */
		0093859F736F97679023BB55 /* Pods-Car-ConnectTests.release.xcconfig */ = {isa = PBXFileReference; includeInIndex = 1; lastKnownFileType = text.xcconfig; name = "Pods-Car-ConnectTests.release.xcconfig"; path = "Pods/Target Support Files/Pods-Car-ConnectTests/Pods-Car-ConnectTests.release.xcconfig"; sourceTree = "<group>"; };
		02A51ACF2CCB2DC7B61E0C69 /* Pods-Car-ConnectUITests.release.xcconfig */ = {isa = PBXFileReference; includeInIndex = 1; lastKnownFileType = text.xcconfig; name = "Pods-Car-ConnectUITests.release.xcconfig"; path = "Pods/Target Support Files/Pods-Car-ConnectUITests/Pods-Car-ConnectUITests.release.xcconfig"; sourceTree = "<group>"; };
		25AADBBC3EC3B0E1D8DF537F /* Pods-Car-ConnectTests.debug.xcconfig */ = {isa = PBXFileReference; includeInIndex = 1; lastKnownFileType = text.xcconfig; name = "Pods-Car-ConnectTests.debug.xcconfig"; path = "Pods/Target Support Files/Pods-Car-ConnectTests/Pods-Car-ConnectTests.debug.xcconfig"; sourceTree = "<group>"; };
		7EA701D6CA89CB48625501AC /* Pods-Car-Connect.debug.xcconfig */ = {isa = PBXFileReference; includeInIndex = 1; lastKnownFileType = text.xcconfig; name = "Pods-Car-Connect.debug.xcconfig"; path = "Pods/Target Support Files/Pods-Car-Connect/Pods-Car-Connect.debug.xcconfig"; sourceTree = "<group>"; };
		8427A9C63DDD5BCFC23F9355 /* Pods_Car_ConnectUITests.framework */ = {isa = PBXFileReference; explicitFileType = wrapper.framework; includeInIndex = 0; path = Pods_Car_ConnectUITests.framework; sourceTree = BUILT_PRODUCTS_DIR; };
		97EBF5634B809F60D44AC541 /* Pods-Car-Connect.release.xcconfig */ = {isa = PBXFileReference; includeInIndex = 1; lastKnownFileType = text.xcconfig; name = "Pods-Car-Connect.release.xcconfig"; path = "Pods/Target Support Files/Pods-Car-Connect/Pods-Car-Connect.release.xcconfig"; sourceTree = "<group>"; };
		C652E85AC3E29968F65B81F5 /* Pods-Car-ConnectUITests.debug.xcconfig */ = {isa = PBXFileReference; includeInIndex = 1; lastKnownFileType = text.xcconfig; name = "Pods-Car-ConnectUITests.debug.xcconfig"; path = "Pods/Target Support Files/Pods-Car-ConnectUITests/Pods-Car-ConnectUITests.debug.xcconfig"; sourceTree = "<group>"; };
		C91488851FD46CB8000D7EE0 /* ParkingMeterViewController.swift */ = {isa = PBXFileReference; lastKnownFileType = sourcecode.swift; path = ParkingMeterViewController.swift; sourceTree = "<group>"; };
		C91488871FD47CE2000D7EE0 /* IconContainingView.swift */ = {isa = PBXFileReference; lastKnownFileType = sourcecode.swift; path = IconContainingView.swift; sourceTree = "<group>"; };
		C923F397201D08EC00204573 /* FloatingButton.swift */ = {isa = PBXFileReference; lastKnownFileType = sourcecode.swift; path = FloatingButton.swift; sourceTree = "<group>"; };
		C94330402055BAF4008095C0 /* SettingsManager.swift */ = {isa = PBXFileReference; lastKnownFileType = sourcecode.swift; path = SettingsManager.swift; sourceTree = "<group>"; };
		C955CE131FBE79DE002D82B3 /* Car-Connect.app */ = {isa = PBXFileReference; explicitFileType = wrapper.application; includeInIndex = 0; path = "Car-Connect.app"; sourceTree = BUILT_PRODUCTS_DIR; };
		C955CE161FBE79DE002D82B3 /* AppDelegate.swift */ = {isa = PBXFileReference; lastKnownFileType = sourcecode.swift; path = AppDelegate.swift; sourceTree = "<group>"; };
		C955CE181FBE79DE002D82B3 /* ParkingViewController.swift */ = {isa = PBXFileReference; lastKnownFileType = sourcecode.swift; path = ParkingViewController.swift; sourceTree = "<group>"; };
		C955CE1D1FBE79DE002D82B3 /* Base */ = {isa = PBXFileReference; lastKnownFileType = file.storyboard; name = Base; path = Base.lproj/Main.storyboard; sourceTree = "<group>"; };
		C955CE1F1FBE79DE002D82B3 /* Assets.xcassets */ = {isa = PBXFileReference; lastKnownFileType = folder.assetcatalog; path = Assets.xcassets; sourceTree = "<group>"; };
		C955CE221FBE79DE002D82B3 /* Base */ = {isa = PBXFileReference; lastKnownFileType = file.storyboard; name = Base; path = Base.lproj/LaunchScreen.storyboard; sourceTree = "<group>"; };
		C955CE241FBE79DE002D82B3 /* Info.plist */ = {isa = PBXFileReference; lastKnownFileType = text.plist.xml; path = Info.plist; sourceTree = "<group>"; };
		C955CE291FBE79DE002D82B3 /* Car-ConnectTests.xctest */ = {isa = PBXFileReference; explicitFileType = wrapper.cfbundle; includeInIndex = 0; path = "Car-ConnectTests.xctest"; sourceTree = BUILT_PRODUCTS_DIR; };
		C955CE2D1FBE79DE002D82B3 /* Car_ConnectTests.swift */ = {isa = PBXFileReference; lastKnownFileType = sourcecode.swift; path = Car_ConnectTests.swift; sourceTree = "<group>"; };
		C955CE2F1FBE79DE002D82B3 /* Info.plist */ = {isa = PBXFileReference; lastKnownFileType = text.plist.xml; path = Info.plist; sourceTree = "<group>"; };
		C955CE341FBE79DE002D82B3 /* Car-ConnectUITests.xctest */ = {isa = PBXFileReference; explicitFileType = wrapper.cfbundle; includeInIndex = 0; path = "Car-ConnectUITests.xctest"; sourceTree = BUILT_PRODUCTS_DIR; };
		C955CE381FBE79DE002D82B3 /* Car_ConnectUITests.swift */ = {isa = PBXFileReference; lastKnownFileType = sourcecode.swift; path = Car_ConnectUITests.swift; sourceTree = "<group>"; };
		C955CE3A1FBE79DE002D82B3 /* Info.plist */ = {isa = PBXFileReference; lastKnownFileType = text.plist.xml; path = Info.plist; sourceTree = "<group>"; };
		C9662D60201E6BDC001188FF /* UIAlertController+StandardAlerts.swift */ = {isa = PBXFileReference; lastKnownFileType = sourcecode.swift; path = "UIAlertController+StandardAlerts.swift"; sourceTree = "<group>"; };
		C98E62F12016C8D5006F9258 /* CLLocationCoordinate2D+Dictionary.swift */ = {isa = PBXFileReference; lastKnownFileType = sourcecode.swift; path = "CLLocationCoordinate2D+Dictionary.swift"; sourceTree = "<group>"; };
		C98E62F32016C950006F9258 /* StorageHandler.swift */ = {isa = PBXFileReference; lastKnownFileType = sourcecode.swift; path = StorageHandler.swift; sourceTree = "<group>"; };
		C9A301A31FBE854F0064DD9F /* GoogleService-Info.plist */ = {isa = PBXFileReference; fileEncoding = 4; lastKnownFileType = text.plist.xml; path = "GoogleService-Info.plist"; sourceTree = "<group>"; };
		C9A301A51FBE86590064DD9F /* AdSupport.framework */ = {isa = PBXFileReference; lastKnownFileType = wrapper.framework; name = AdSupport.framework; path = System/Library/Frameworks/AdSupport.framework; sourceTree = SDKROOT; };
		C9A301AA1FBE8F680064DD9F /* CarConnect.ai */ = {isa = PBXFileReference; fileEncoding = 4; lastKnownFileType = text; path = CarConnect.ai; sourceTree = "<group>"; };
		C9A301AB1FBE8F680064DD9F /* CarConnectIconColor.jpg */ = {isa = PBXFileReference; lastKnownFileType = image.jpeg; path = CarConnectIconColor.jpg; sourceTree = "<group>"; };
		C9A301AC1FBE8F680064DD9F /* CarConnectIcon.pdf */ = {isa = PBXFileReference; lastKnownFileType = image.pdf; path = CarConnectIcon.pdf; sourceTree = "<group>"; };
		C9A301AD1FBE8F680064DD9F /* CarConnectIconColor.pdf */ = {isa = PBXFileReference; lastKnownFileType = image.pdf; path = CarConnectIconColor.pdf; sourceTree = "<group>"; };
		C9A301B21FBE901B0064DD9F /* iTunesArtwork@1x.png */ = {isa = PBXFileReference; lastKnownFileType = image.png; path = "iTunesArtwork@1x.png"; sourceTree = "<group>"; };
		C9A301B31FBE901B0064DD9F /* iTunesArtwork@2x.png */ = {isa = PBXFileReference; lastKnownFileType = image.png; path = "iTunesArtwork@2x.png"; sourceTree = "<group>"; };
		C9A301B41FBE901B0064DD9F /* iTunesArtwork@3x.png */ = {isa = PBXFileReference; lastKnownFileType = image.png; path = "iTunesArtwork@3x.png"; sourceTree = "<group>"; };
		C9A301B81FBE93190064DD9F /* CarConnect+Extensions.swift */ = {isa = PBXFileReference; lastKnownFileType = sourcecode.swift; path = "CarConnect+Extensions.swift"; sourceTree = "<group>"; };
		C9ED3D611FE6DDA90096BDF2 /* CoreLocation.framework */ = {isa = PBXFileReference; lastKnownFileType = wrapper.framework; name = CoreLocation.framework; path = System/Library/Frameworks/CoreLocation.framework; sourceTree = SDKROOT; };
		C9ED3D631FE6DED20096BDF2 /* LocationManager.swift */ = {isa = PBXFileReference; lastKnownFileType = sourcecode.swift; path = LocationManager.swift; sourceTree = "<group>"; };
		C9ED3D671FE6EFF50096BDF2 /* SwiftLint.sh */ = {isa = PBXFileReference; lastKnownFileType = text.script.sh; path = SwiftLint.sh; sourceTree = "<group>"; };
		C9EDFDD12029394B00A721AE /* ConfigurableActionTextField.swift */ = {isa = PBXFileReference; lastKnownFileType = sourcecode.swift; path = ConfigurableActionTextField.swift; sourceTree = "<group>"; };
		C9F057CC201E7ECE00DCE906 /* ArchivesToEllipse.gpx */ = {isa = PBXFileReference; fileEncoding = 4; lastKnownFileType = text.xml; path = ArchivesToEllipse.gpx; sourceTree = "<group>"; };
		C9FA43EF201D2ED400989776 /* National Archives.gpx */ = {isa = PBXFileReference; lastKnownFileType = text.xml; path = "National Archives.gpx"; sourceTree = "<group>"; };
		C9FA43F1201D305B00989776 /* The Ellipse.gpx */ = {isa = PBXFileReference; lastKnownFileType = text.xml; path = "The Ellipse.gpx"; sourceTree = "<group>"; };
		C9FC540D2016D0410007AB20 /* Constants.swift */ = {isa = PBXFileReference; lastKnownFileType = sourcecode.swift; path = Constants.swift; sourceTree = "<group>"; };
		E07820C283C2C4A5D46B1F78 /* Pods_Car_ConnectTests.framework */ = {isa = PBXFileReference; explicitFileType = wrapper.framework; includeInIndex = 0; path = Pods_Car_ConnectTests.framework; sourceTree = BUILT_PRODUCTS_DIR; };
		F1E02FABBCB2957647B0C955 /* Pods_Car_Connect.framework */ = {isa = PBXFileReference; explicitFileType = wrapper.framework; includeInIndex = 0; path = Pods_Car_Connect.framework; sourceTree = BUILT_PRODUCTS_DIR; };
/* End PBXFileReference section */

/* Begin PBXFrameworksBuildPhase section */
		C955CE101FBE79DE002D82B3 /* Frameworks */ = {
			isa = PBXFrameworksBuildPhase;
			buildActionMask = 2147483647;
			files = (
				C9ED3D621FE6DDA90096BDF2 /* CoreLocation.framework in Frameworks */,
				C9A301A61FBE86590064DD9F /* AdSupport.framework in Frameworks */,
				902D033BC140C2806C3B9A4C /* Pods_Car_Connect.framework in Frameworks */,
			);
			runOnlyForDeploymentPostprocessing = 0;
		};
		C955CE261FBE79DE002D82B3 /* Frameworks */ = {
			isa = PBXFrameworksBuildPhase;
			buildActionMask = 2147483647;
			files = (
				9A6E275ACC2771639DB955D4 /* Pods_Car_ConnectTests.framework in Frameworks */,
			);
			runOnlyForDeploymentPostprocessing = 0;
		};
		C955CE311FBE79DE002D82B3 /* Frameworks */ = {
			isa = PBXFrameworksBuildPhase;
			buildActionMask = 2147483647;
			files = (
				D8C3EB338BE9C9B51E45E498 /* Pods_Car_ConnectUITests.framework in Frameworks */,
			);
			runOnlyForDeploymentPostprocessing = 0;
		};
/* End PBXFrameworksBuildPhase section */

/* Begin PBXGroup section */
		0BF7A14C0ADF0AE1683ED2F5 /* Frameworks */ = {
			isa = PBXGroup;
			children = (
				C9ED3D611FE6DDA90096BDF2 /* CoreLocation.framework */,
				C9A301A51FBE86590064DD9F /* AdSupport.framework */,
				F1E02FABBCB2957647B0C955 /* Pods_Car_Connect.framework */,
				E07820C283C2C4A5D46B1F78 /* Pods_Car_ConnectTests.framework */,
				8427A9C63DDD5BCFC23F9355 /* Pods_Car_ConnectUITests.framework */,
			);
			name = Frameworks;
			sourceTree = "<group>";
		};
		A5FD950D4FC3D4C122020ECF /* Pods */ = {
			isa = PBXGroup;
			children = (
				7EA701D6CA89CB48625501AC /* Pods-Car-Connect.debug.xcconfig */,
				97EBF5634B809F60D44AC541 /* Pods-Car-Connect.release.xcconfig */,
				25AADBBC3EC3B0E1D8DF537F /* Pods-Car-ConnectTests.debug.xcconfig */,
				0093859F736F97679023BB55 /* Pods-Car-ConnectTests.release.xcconfig */,
				C652E85AC3E29968F65B81F5 /* Pods-Car-ConnectUITests.debug.xcconfig */,
				02A51ACF2CCB2DC7B61E0C69 /* Pods-Car-ConnectUITests.release.xcconfig */,
			);
			name = Pods;
			sourceTree = "<group>";
		};
		C955CE0A1FBE79DE002D82B3 = {
			isa = PBXGroup;
			children = (
				C9ED3D691FE6F0160096BDF2 /* Scripts */,
				C955CE151FBE79DE002D82B3 /* Car-Connect */,
				C955CE2C1FBE79DE002D82B3 /* Car-ConnectTests */,
				C955CE371FBE79DE002D82B3 /* Car-ConnectUITests */,
				C955CE141FBE79DE002D82B3 /* Products */,
				A5FD950D4FC3D4C122020ECF /* Pods */,
				0BF7A14C0ADF0AE1683ED2F5 /* Frameworks */,
			);
			sourceTree = "<group>";
		};
		C955CE141FBE79DE002D82B3 /* Products */ = {
			isa = PBXGroup;
			children = (
				C955CE131FBE79DE002D82B3 /* Car-Connect.app */,
				C955CE291FBE79DE002D82B3 /* Car-ConnectTests.xctest */,
				C955CE341FBE79DE002D82B3 /* Car-ConnectUITests.xctest */,
			);
			name = Products;
			sourceTree = "<group>";
		};
		C955CE151FBE79DE002D82B3 /* Car-Connect */ = {
			isa = PBXGroup;
			children = (
				C9A301A91FBE8F540064DD9F /* Artwork */,
				C9A301A71FBE87290064DD9F /* Supporting Files */,
				C9FA43F3201D307D00989776 /* Location GPX Files */,
				C9A301A81FBE87430064DD9F /* UI */,
				C9ED3D661FE6E88E0096BDF2 /* Convenience Classes */,
				C955CE161FBE79DE002D82B3 /* AppDelegate.swift */,
				C955CE181FBE79DE002D82B3 /* ParkingViewController.swift */,
				C91488851FD46CB8000D7EE0 /* ParkingMeterViewController.swift */,
				C9ED3D631FE6DED20096BDF2 /* LocationManager.swift */,
				C94330402055BAF4008095C0 /* SettingsManager.swift */,
			);
			path = "Car-Connect";
			sourceTree = "<group>";
		};
		C955CE2C1FBE79DE002D82B3 /* Car-ConnectTests */ = {
			isa = PBXGroup;
			children = (
				C955CE2D1FBE79DE002D82B3 /* Car_ConnectTests.swift */,
				C955CE2F1FBE79DE002D82B3 /* Info.plist */,
			);
			path = "Car-ConnectTests";
			sourceTree = "<group>";
		};
		C955CE371FBE79DE002D82B3 /* Car-ConnectUITests */ = {
			isa = PBXGroup;
			children = (
				C955CE381FBE79DE002D82B3 /* Car_ConnectUITests.swift */,
				C955CE3A1FBE79DE002D82B3 /* Info.plist */,
			);
			path = "Car-ConnectUITests";
			sourceTree = "<group>";
		};
		C9A301A71FBE87290064DD9F /* Supporting Files */ = {
			isa = PBXGroup;
			children = (
				C955CE241FBE79DE002D82B3 /* Info.plist */,
				C9A301A31FBE854F0064DD9F /* GoogleService-Info.plist */,
			);
			path = "Supporting Files";
			sourceTree = "<group>";
		};
		C9A301A81FBE87430064DD9F /* UI */ = {
			isa = PBXGroup;
			children = (
				C955CE1C1FBE79DE002D82B3 /* Main.storyboard */,
				C955CE1F1FBE79DE002D82B3 /* Assets.xcassets */,
				C955CE211FBE79DE002D82B3 /* LaunchScreen.storyboard */,
			);
			path = UI;
			sourceTree = "<group>";
		};
		C9A301A91FBE8F540064DD9F /* Artwork */ = {
			isa = PBXGroup;
			children = (
				C9A301AA1FBE8F680064DD9F /* CarConnect.ai */,
				C9A301B21FBE901B0064DD9F /* iTunesArtwork@1x.png */,
				C9A301B31FBE901B0064DD9F /* iTunesArtwork@2x.png */,
				C9A301B41FBE901B0064DD9F /* iTunesArtwork@3x.png */,
				C9A301AC1FBE8F680064DD9F /* CarConnectIcon.pdf */,
				C9A301AB1FBE8F680064DD9F /* CarConnectIconColor.jpg */,
				C9A301AD1FBE8F680064DD9F /* CarConnectIconColor.pdf */,
			);
			path = Artwork;
			sourceTree = "<group>";
		};
		C9ED3D661FE6E88E0096BDF2 /* Convenience Classes */ = {
			isa = PBXGroup;
			children = (
				C923F397201D08EC00204573 /* FloatingButton.swift */,
				C9A301B81FBE93190064DD9F /* CarConnect+Extensions.swift */,
				C91488871FD47CE2000D7EE0 /* IconContainingView.swift */,
				C98E62F12016C8D5006F9258 /* CLLocationCoordinate2D+Dictionary.swift */,
				C98E62F32016C950006F9258 /* StorageHandler.swift */,
				C9FC540D2016D0410007AB20 /* Constants.swift */,
				C9662D60201E6BDC001188FF /* UIAlertController+StandardAlerts.swift */,
				C9EDFDD12029394B00A721AE /* ConfigurableActionTextField.swift */,
			);
			path = "Convenience Classes";
			sourceTree = "<group>";
		};
		C9ED3D691FE6F0160096BDF2 /* Scripts */ = {
			isa = PBXGroup;
			children = (
				C9ED3D671FE6EFF50096BDF2 /* SwiftLint.sh */,
			);
			path = Scripts;
			sourceTree = "<group>";
		};
		C9FA43F3201D307D00989776 /* Location GPX Files */ = {
			isa = PBXGroup;
			children = (
				C9FA43EF201D2ED400989776 /* National Archives.gpx */,
				C9FA43F1201D305B00989776 /* The Ellipse.gpx */,
				C9F057CC201E7ECE00DCE906 /* ArchivesToEllipse.gpx */,
			);
			path = "Location GPX Files";
			sourceTree = "<group>";
		};
/* End PBXGroup section */

/* Begin PBXNativeTarget section */
		C955CE121FBE79DE002D82B3 /* Car-Connect */ = {
			isa = PBXNativeTarget;
			buildConfigurationList = C955CE3D1FBE79DE002D82B3 /* Build configuration list for PBXNativeTarget "Car-Connect" */;
			buildPhases = (
				CDD128F5DA2A8F361D9B6C4A /* [CP] Check Pods Manifest.lock */,
				C955CE0F1FBE79DE002D82B3 /* Sources */,
				C955CE101FBE79DE002D82B3 /* Frameworks */,
				C955CE111FBE79DE002D82B3 /* Resources */,
				E96816A694DCB499AEB0CDA5 /* [CP] Embed Pods Frameworks */,
				A3B5460CC11E465B2F3C9080 /* [CP] Copy Pods Resources */,
				C91DAEDB1FBE7B940012E47A /* ShellScript */,
				C9ED3D651FE6E83D0096BDF2 /* ShellScript */,
			);
			buildRules = (
			);
			dependencies = (
			);
			name = "Car-Connect";
			productName = "Car-Connect";
			productReference = C955CE131FBE79DE002D82B3 /* Car-Connect.app */;
			productType = "com.apple.product-type.application";
		};
		C955CE281FBE79DE002D82B3 /* Car-ConnectTests */ = {
			isa = PBXNativeTarget;
			buildConfigurationList = C955CE401FBE79DE002D82B3 /* Build configuration list for PBXNativeTarget "Car-ConnectTests" */;
			buildPhases = (
				6078EDA6AF026C9C9A76E58E /* [CP] Check Pods Manifest.lock */,
				C955CE251FBE79DE002D82B3 /* Sources */,
				C955CE261FBE79DE002D82B3 /* Frameworks */,
				C955CE271FBE79DE002D82B3 /* Resources */,
				1528AFDA01BD82FED7B8F13C /* [CP] Embed Pods Frameworks */,
				62D4BC5C346AF52C5729754B /* [CP] Copy Pods Resources */,
			);
			buildRules = (
			);
			dependencies = (
				C955CE2B1FBE79DE002D82B3 /* PBXTargetDependency */,
			);
			name = "Car-ConnectTests";
			productName = "Car-ConnectTests";
			productReference = C955CE291FBE79DE002D82B3 /* Car-ConnectTests.xctest */;
			productType = "com.apple.product-type.bundle.unit-test";
		};
		C955CE331FBE79DE002D82B3 /* Car-ConnectUITests */ = {
			isa = PBXNativeTarget;
			buildConfigurationList = C955CE431FBE79DE002D82B3 /* Build configuration list for PBXNativeTarget "Car-ConnectUITests" */;
			buildPhases = (
				97542E4DCE2945421625E658 /* [CP] Check Pods Manifest.lock */,
				C955CE301FBE79DE002D82B3 /* Sources */,
				C955CE311FBE79DE002D82B3 /* Frameworks */,
				C955CE321FBE79DE002D82B3 /* Resources */,
				6641D66A036B8A34A44D5A76 /* [CP] Embed Pods Frameworks */,
				9FA5529C4D21A9B80C3FA538 /* [CP] Copy Pods Resources */,
			);
			buildRules = (
			);
			dependencies = (
				C955CE361FBE79DE002D82B3 /* PBXTargetDependency */,
			);
			name = "Car-ConnectUITests";
			productName = "Car-ConnectUITests";
			productReference = C955CE341FBE79DE002D82B3 /* Car-ConnectUITests.xctest */;
			productType = "com.apple.product-type.bundle.ui-testing";
		};
/* End PBXNativeTarget section */

/* Begin PBXProject section */
		C955CE0B1FBE79DE002D82B3 /* Project object */ = {
			isa = PBXProject;
			attributes = {
				LastSwiftUpdateCheck = 0910;
				LastUpgradeCheck = 0910;
				ORGANIZATIONNAME = "Matthew Dutton";
				TargetAttributes = {
					C955CE121FBE79DE002D82B3 = {
						CreatedOnToolsVersion = 9.1;
						LastSwiftMigration = 0910;
						ProvisioningStyle = Automatic;
					};
					C955CE281FBE79DE002D82B3 = {
						CreatedOnToolsVersion = 9.1;
						ProvisioningStyle = Automatic;
						TestTargetID = C955CE121FBE79DE002D82B3;
					};
					C955CE331FBE79DE002D82B3 = {
						CreatedOnToolsVersion = 9.1;
						ProvisioningStyle = Automatic;
						TestTargetID = C955CE121FBE79DE002D82B3;
					};
				};
			};
			buildConfigurationList = C955CE0E1FBE79DE002D82B3 /* Build configuration list for PBXProject "Car-Connect" */;
			compatibilityVersion = "Xcode 8.0";
			developmentRegion = en;
			hasScannedForEncodings = 0;
			knownRegions = (
				en,
				Base,
			);
			mainGroup = C955CE0A1FBE79DE002D82B3;
			productRefGroup = C955CE141FBE79DE002D82B3 /* Products */;
			projectDirPath = "";
			projectRoot = "";
			targets = (
				C955CE121FBE79DE002D82B3 /* Car-Connect */,
				C955CE281FBE79DE002D82B3 /* Car-ConnectTests */,
				C955CE331FBE79DE002D82B3 /* Car-ConnectUITests */,
			);
		};
/* End PBXProject section */

/* Begin PBXResourcesBuildPhase section */
		C955CE111FBE79DE002D82B3 /* Resources */ = {
			isa = PBXResourcesBuildPhase;
			buildActionMask = 2147483647;
			files = (
				C955CE231FBE79DE002D82B3 /* LaunchScreen.storyboard in Resources */,
				C9A301B61FBE901B0064DD9F /* iTunesArtwork@2x.png in Resources */,
				C9A301A41FBE854F0064DD9F /* GoogleService-Info.plist in Resources */,
				C955CE201FBE79DE002D82B3 /* Assets.xcassets in Resources */,
				C9A301B11FBE8F680064DD9F /* CarConnectIconColor.pdf in Resources */,
				C9A301B71FBE901B0064DD9F /* iTunesArtwork@3x.png in Resources */,
				C9F057CD201E7ECE00DCE906 /* ArchivesToEllipse.gpx in Resources */,
				C9FA43F2201D305B00989776 /* The Ellipse.gpx in Resources */,
				C9A301B51FBE901B0064DD9F /* iTunesArtwork@1x.png in Resources */,
				C9A301AE1FBE8F680064DD9F /* CarConnect.ai in Resources */,
				C9A301B01FBE8F680064DD9F /* CarConnectIcon.pdf in Resources */,
				C9A301AF1FBE8F680064DD9F /* CarConnectIconColor.jpg in Resources */,
				C9FA43F0201D2ED400989776 /* National Archives.gpx in Resources */,
				C955CE1E1FBE79DE002D82B3 /* Main.storyboard in Resources */,
			);
			runOnlyForDeploymentPostprocessing = 0;
		};
		C955CE271FBE79DE002D82B3 /* Resources */ = {
			isa = PBXResourcesBuildPhase;
			buildActionMask = 2147483647;
			files = (
			);
			runOnlyForDeploymentPostprocessing = 0;
		};
		C955CE321FBE79DE002D82B3 /* Resources */ = {
			isa = PBXResourcesBuildPhase;
			buildActionMask = 2147483647;
			files = (
			);
			runOnlyForDeploymentPostprocessing = 0;
		};
/* End PBXResourcesBuildPhase section */

/* Begin PBXShellScriptBuildPhase section */
		1528AFDA01BD82FED7B8F13C /* [CP] Embed Pods Frameworks */ = {
			isa = PBXShellScriptBuildPhase;
			buildActionMask = 2147483647;
			files = (
			);
			inputPaths = (
			);
			name = "[CP] Embed Pods Frameworks";
			outputPaths = (
			);
			runOnlyForDeploymentPostprocessing = 0;
			shellPath = /bin/sh;
			shellScript = "\"${SRCROOT}/Pods/Target Support Files/Pods-Car-ConnectTests/Pods-Car-ConnectTests-frameworks.sh\"\n";
			showEnvVarsInLog = 0;
		};
		6078EDA6AF026C9C9A76E58E /* [CP] Check Pods Manifest.lock */ = {
			isa = PBXShellScriptBuildPhase;
			buildActionMask = 2147483647;
			files = (
			);
			inputPaths = (
				"${PODS_PODFILE_DIR_PATH}/Podfile.lock",
				"${PODS_ROOT}/Manifest.lock",
			);
			name = "[CP] Check Pods Manifest.lock";
			outputPaths = (
				"$(DERIVED_FILE_DIR)/Pods-Car-ConnectTests-checkManifestLockResult.txt",
			);
			runOnlyForDeploymentPostprocessing = 0;
			shellPath = /bin/sh;
			shellScript = "diff \"${PODS_PODFILE_DIR_PATH}/Podfile.lock\" \"${PODS_ROOT}/Manifest.lock\" > /dev/null\nif [ $? != 0 ] ; then\n    # print error to STDERR\n    echo \"error: The sandbox is not in sync with the Podfile.lock. Run 'pod install' or update your CocoaPods installation.\" >&2\n    exit 1\nfi\n# This output is used by Xcode 'outputs' to avoid re-running this script phase.\necho \"SUCCESS\" > \"${SCRIPT_OUTPUT_FILE_0}\"\n";
			showEnvVarsInLog = 0;
		};
		62D4BC5C346AF52C5729754B /* [CP] Copy Pods Resources */ = {
			isa = PBXShellScriptBuildPhase;
			buildActionMask = 2147483647;
			files = (
			);
			inputPaths = (
			);
			name = "[CP] Copy Pods Resources";
			outputPaths = (
			);
			runOnlyForDeploymentPostprocessing = 0;
			shellPath = /bin/sh;
			shellScript = "\"${SRCROOT}/Pods/Target Support Files/Pods-Car-ConnectTests/Pods-Car-ConnectTests-resources.sh\"\n";
			showEnvVarsInLog = 0;
		};
		6641D66A036B8A34A44D5A76 /* [CP] Embed Pods Frameworks */ = {
			isa = PBXShellScriptBuildPhase;
			buildActionMask = 2147483647;
			files = (
			);
			inputPaths = (
			);
			name = "[CP] Embed Pods Frameworks";
			outputPaths = (
			);
			runOnlyForDeploymentPostprocessing = 0;
			shellPath = /bin/sh;
			shellScript = "\"${SRCROOT}/Pods/Target Support Files/Pods-Car-ConnectUITests/Pods-Car-ConnectUITests-frameworks.sh\"\n";
			showEnvVarsInLog = 0;
		};
		97542E4DCE2945421625E658 /* [CP] Check Pods Manifest.lock */ = {
			isa = PBXShellScriptBuildPhase;
			buildActionMask = 2147483647;
			files = (
			);
			inputPaths = (
				"${PODS_PODFILE_DIR_PATH}/Podfile.lock",
				"${PODS_ROOT}/Manifest.lock",
			);
			name = "[CP] Check Pods Manifest.lock";
			outputPaths = (
				"$(DERIVED_FILE_DIR)/Pods-Car-ConnectUITests-checkManifestLockResult.txt",
			);
			runOnlyForDeploymentPostprocessing = 0;
			shellPath = /bin/sh;
			shellScript = "diff \"${PODS_PODFILE_DIR_PATH}/Podfile.lock\" \"${PODS_ROOT}/Manifest.lock\" > /dev/null\nif [ $? != 0 ] ; then\n    # print error to STDERR\n    echo \"error: The sandbox is not in sync with the Podfile.lock. Run 'pod install' or update your CocoaPods installation.\" >&2\n    exit 1\nfi\n# This output is used by Xcode 'outputs' to avoid re-running this script phase.\necho \"SUCCESS\" > \"${SCRIPT_OUTPUT_FILE_0}\"\n";
			showEnvVarsInLog = 0;
		};
		9FA5529C4D21A9B80C3FA538 /* [CP] Copy Pods Resources */ = {
			isa = PBXShellScriptBuildPhase;
			buildActionMask = 2147483647;
			files = (
			);
			inputPaths = (
			);
			name = "[CP] Copy Pods Resources";
			outputPaths = (
			);
			runOnlyForDeploymentPostprocessing = 0;
			shellPath = /bin/sh;
			shellScript = "\"${SRCROOT}/Pods/Target Support Files/Pods-Car-ConnectUITests/Pods-Car-ConnectUITests-resources.sh\"\n";
			showEnvVarsInLog = 0;
		};
		A3B5460CC11E465B2F3C9080 /* [CP] Copy Pods Resources */ = {
			isa = PBXShellScriptBuildPhase;
			buildActionMask = 2147483647;
			files = (
			);
			inputPaths = (
			);
			name = "[CP] Copy Pods Resources";
			outputPaths = (
			);
			runOnlyForDeploymentPostprocessing = 0;
			shellPath = /bin/sh;
			shellScript = "\"${SRCROOT}/Pods/Target Support Files/Pods-Car-Connect/Pods-Car-Connect-resources.sh\"\n";
			showEnvVarsInLog = 0;
		};
		C91DAEDB1FBE7B940012E47A /* ShellScript */ = {
			isa = PBXShellScriptBuildPhase;
			buildActionMask = 2147483647;
			files = (
			);
			inputPaths = (
			);
			outputPaths = (
			);
			runOnlyForDeploymentPostprocessing = 0;
			shellPath = /bin/sh;
			shellScript = "\"${PODS_ROOT}/Fabric/run\" 59f486796c08f97effc9178d1210ee7b7d2862fb d6bc0507f09198ef303827cffa9cf7acce8f24451bd3e338406e554d284f58e8";
		};
		C9ED3D651FE6E83D0096BDF2 /* ShellScript */ = {
			isa = PBXShellScriptBuildPhase;
			buildActionMask = 2147483647;
			files = (
			);
			inputPaths = (
			);
			outputPaths = (
			);
			runOnlyForDeploymentPostprocessing = 0;
			shellPath = /bin/sh;
			shellScript = "\"${SRCROOT}/Scripts/SwiftLint.sh\"";
		};
		CDD128F5DA2A8F361D9B6C4A /* [CP] Check Pods Manifest.lock */ = {
			isa = PBXShellScriptBuildPhase;
			buildActionMask = 2147483647;
			files = (
			);
			inputPaths = (
				"${PODS_PODFILE_DIR_PATH}/Podfile.lock",
				"${PODS_ROOT}/Manifest.lock",
			);
			name = "[CP] Check Pods Manifest.lock";
			outputPaths = (
				"$(DERIVED_FILE_DIR)/Pods-Car-Connect-checkManifestLockResult.txt",
			);
			runOnlyForDeploymentPostprocessing = 0;
			shellPath = /bin/sh;
			shellScript = "diff \"${PODS_PODFILE_DIR_PATH}/Podfile.lock\" \"${PODS_ROOT}/Manifest.lock\" > /dev/null\nif [ $? != 0 ] ; then\n    # print error to STDERR\n    echo \"error: The sandbox is not in sync with the Podfile.lock. Run 'pod install' or update your CocoaPods installation.\" >&2\n    exit 1\nfi\n# This output is used by Xcode 'outputs' to avoid re-running this script phase.\necho \"SUCCESS\" > \"${SCRIPT_OUTPUT_FILE_0}\"\n";
			showEnvVarsInLog = 0;
		};
		E96816A694DCB499AEB0CDA5 /* [CP] Embed Pods Frameworks */ = {
			isa = PBXShellScriptBuildPhase;
			buildActionMask = 2147483647;
			files = (
			);
			inputPaths = (
				"${SRCROOT}/Pods/Target Support Files/Pods-Car-Connect/Pods-Car-Connect-frameworks.sh",
				"${BUILT_PRODUCTS_DIR}/GoogleToolboxForMac/GoogleToolboxForMac.framework",
				"${BUILT_PRODUCTS_DIR}/nanopb/nanopb.framework",
			);
			name = "[CP] Embed Pods Frameworks";
			outputPaths = (
				"${TARGET_BUILD_DIR}/${FRAMEWORKS_FOLDER_PATH}/GoogleToolboxForMac.framework",
				"${TARGET_BUILD_DIR}/${FRAMEWORKS_FOLDER_PATH}/nanopb.framework",
			);
			runOnlyForDeploymentPostprocessing = 0;
			shellPath = /bin/sh;
			shellScript = "\"${SRCROOT}/Pods/Target Support Files/Pods-Car-Connect/Pods-Car-Connect-frameworks.sh\"\n";
			showEnvVarsInLog = 0;
		};
/* End PBXShellScriptBuildPhase section */

/* Begin PBXSourcesBuildPhase section */
		C955CE0F1FBE79DE002D82B3 /* Sources */ = {
			isa = PBXSourcesBuildPhase;
			buildActionMask = 2147483647;
			files = (
				C98E62F22016C8D5006F9258 /* CLLocationCoordinate2D+Dictionary.swift in Sources */,
				C94330412055BAF4008095C0 /* SettingsManager.swift in Sources */,
				C98E62F42016C950006F9258 /* StorageHandler.swift in Sources */,
				C9A301B91FBE93190064DD9F /* CarConnect+Extensions.swift in Sources */,
				C91488861FD46CB8000D7EE0 /* ParkingMeterViewController.swift in Sources */,
				C9FC540E2016D0410007AB20 /* Constants.swift in Sources */,
				C9ED3D641FE6DED20096BDF2 /* LocationManager.swift in Sources */,
				C91488881FD47CE2000D7EE0 /* IconContainingView.swift in Sources */,
				C955CE171FBE79DE002D82B3 /* AppDelegate.swift in Sources */,
				C9EDFDD22029394B00A721AE /* ConfigurableActionTextField.swift in Sources */,
				C955CE191FBE79DE002D82B3 /* ParkingViewController.swift in Sources */,
				C923F398201D08EC00204573 /* FloatingButton.swift in Sources */,
				C9662D61201E6BDC001188FF /* UIAlertController+StandardAlerts.swift in Sources */,
			);
			runOnlyForDeploymentPostprocessing = 0;
		};
		C955CE251FBE79DE002D82B3 /* Sources */ = {
			isa = PBXSourcesBuildPhase;
			buildActionMask = 2147483647;
			files = (
				C955CE2E1FBE79DE002D82B3 /* Car_ConnectTests.swift in Sources */,
			);
			runOnlyForDeploymentPostprocessing = 0;
		};
		C955CE301FBE79DE002D82B3 /* Sources */ = {
			isa = PBXSourcesBuildPhase;
			buildActionMask = 2147483647;
			files = (
				C955CE391FBE79DE002D82B3 /* Car_ConnectUITests.swift in Sources */,
			);
			runOnlyForDeploymentPostprocessing = 0;
		};
/* End PBXSourcesBuildPhase section */

/* Begin PBXTargetDependency section */
		C955CE2B1FBE79DE002D82B3 /* PBXTargetDependency */ = {
			isa = PBXTargetDependency;
			target = C955CE121FBE79DE002D82B3 /* Car-Connect */;
			targetProxy = C955CE2A1FBE79DE002D82B3 /* PBXContainerItemProxy */;
		};
		C955CE361FBE79DE002D82B3 /* PBXTargetDependency */ = {
			isa = PBXTargetDependency;
			target = C955CE121FBE79DE002D82B3 /* Car-Connect */;
			targetProxy = C955CE351FBE79DE002D82B3 /* PBXContainerItemProxy */;
		};
/* End PBXTargetDependency section */

/* Begin PBXVariantGroup section */
		C955CE1C1FBE79DE002D82B3 /* Main.storyboard */ = {
			isa = PBXVariantGroup;
			children = (
				C955CE1D1FBE79DE002D82B3 /* Base */,
			);
			name = Main.storyboard;
			sourceTree = "<group>";
		};
		C955CE211FBE79DE002D82B3 /* LaunchScreen.storyboard */ = {
			isa = PBXVariantGroup;
			children = (
				C955CE221FBE79DE002D82B3 /* Base */,
			);
			name = LaunchScreen.storyboard;
			sourceTree = "<group>";
		};
/* End PBXVariantGroup section */

/* Begin XCBuildConfiguration section */
		C955CE3B1FBE79DE002D82B3 /* Debug */ = {
			isa = XCBuildConfiguration;
			buildSettings = {
				ALWAYS_SEARCH_USER_PATHS = NO;
				CLANG_ANALYZER_NONNULL = YES;
				CLANG_ANALYZER_NUMBER_OBJECT_CONVERSION = YES_AGGRESSIVE;
				CLANG_CXX_LANGUAGE_STANDARD = "gnu++14";
				CLANG_CXX_LIBRARY = "libc++";
				CLANG_ENABLE_MODULES = YES;
				CLANG_ENABLE_OBJC_ARC = YES;
				CLANG_WARN_BLOCK_CAPTURE_AUTORELEASING = YES;
				CLANG_WARN_BOOL_CONVERSION = YES;
				CLANG_WARN_COMMA = YES;
				CLANG_WARN_CONSTANT_CONVERSION = YES;
				CLANG_WARN_DIRECT_OBJC_ISA_USAGE = YES_ERROR;
				CLANG_WARN_DOCUMENTATION_COMMENTS = YES;
				CLANG_WARN_EMPTY_BODY = YES;
				CLANG_WARN_ENUM_CONVERSION = YES;
				CLANG_WARN_INFINITE_RECURSION = YES;
				CLANG_WARN_INT_CONVERSION = YES;
				CLANG_WARN_NON_LITERAL_NULL_CONVERSION = YES;
				CLANG_WARN_OBJC_LITERAL_CONVERSION = YES;
				CLANG_WARN_OBJC_ROOT_CLASS = YES_ERROR;
				CLANG_WARN_RANGE_LOOP_ANALYSIS = YES;
				CLANG_WARN_STRICT_PROTOTYPES = YES;
				CLANG_WARN_SUSPICIOUS_MOVE = YES;
				CLANG_WARN_UNGUARDED_AVAILABILITY = YES_AGGRESSIVE;
				CLANG_WARN_UNREACHABLE_CODE = YES;
				CLANG_WARN__DUPLICATE_METHOD_MATCH = YES;
				CODE_SIGN_IDENTITY = "iPhone Developer";
				COPY_PHASE_STRIP = NO;
				DEBUG_INFORMATION_FORMAT = dwarf;
				ENABLE_STRICT_OBJC_MSGSEND = YES;
				ENABLE_TESTABILITY = YES;
				GCC_C_LANGUAGE_STANDARD = gnu11;
				GCC_DYNAMIC_NO_PIC = NO;
				GCC_NO_COMMON_BLOCKS = YES;
				GCC_OPTIMIZATION_LEVEL = 0;
				GCC_PREPROCESSOR_DEFINITIONS = (
					"DEBUG=1",
					"$(inherited)",
				);
				GCC_WARN_64_TO_32_BIT_CONVERSION = YES;
				GCC_WARN_ABOUT_RETURN_TYPE = YES_ERROR;
				GCC_WARN_UNDECLARED_SELECTOR = YES;
				GCC_WARN_UNINITIALIZED_AUTOS = YES_AGGRESSIVE;
				GCC_WARN_UNUSED_FUNCTION = YES;
				GCC_WARN_UNUSED_VARIABLE = YES;
				IPHONEOS_DEPLOYMENT_TARGET = 10.0;
				MTL_ENABLE_DEBUG_INFO = YES;
				ONLY_ACTIVE_ARCH = YES;
				SDKROOT = iphoneos;
				SWIFT_ACTIVE_COMPILATION_CONDITIONS = DEBUG;
				SWIFT_OPTIMIZATION_LEVEL = "-Onone";
			};
			name = Debug;
		};
		C955CE3C1FBE79DE002D82B3 /* Release */ = {
			isa = XCBuildConfiguration;
			buildSettings = {
				ALWAYS_SEARCH_USER_PATHS = NO;
				CLANG_ANALYZER_NONNULL = YES;
				CLANG_ANALYZER_NUMBER_OBJECT_CONVERSION = YES_AGGRESSIVE;
				CLANG_CXX_LANGUAGE_STANDARD = "gnu++14";
				CLANG_CXX_LIBRARY = "libc++";
				CLANG_ENABLE_MODULES = YES;
				CLANG_ENABLE_OBJC_ARC = YES;
				CLANG_WARN_BLOCK_CAPTURE_AUTORELEASING = YES;
				CLANG_WARN_BOOL_CONVERSION = YES;
				CLANG_WARN_COMMA = YES;
				CLANG_WARN_CONSTANT_CONVERSION = YES;
				CLANG_WARN_DIRECT_OBJC_ISA_USAGE = YES_ERROR;
				CLANG_WARN_DOCUMENTATION_COMMENTS = YES;
				CLANG_WARN_EMPTY_BODY = YES;
				CLANG_WARN_ENUM_CONVERSION = YES;
				CLANG_WARN_INFINITE_RECURSION = YES;
				CLANG_WARN_INT_CONVERSION = YES;
				CLANG_WARN_NON_LITERAL_NULL_CONVERSION = YES;
				CLANG_WARN_OBJC_LITERAL_CONVERSION = YES;
				CLANG_WARN_OBJC_ROOT_CLASS = YES_ERROR;
				CLANG_WARN_RANGE_LOOP_ANALYSIS = YES;
				CLANG_WARN_STRICT_PROTOTYPES = YES;
				CLANG_WARN_SUSPICIOUS_MOVE = YES;
				CLANG_WARN_UNGUARDED_AVAILABILITY = YES_AGGRESSIVE;
				CLANG_WARN_UNREACHABLE_CODE = YES;
				CLANG_WARN__DUPLICATE_METHOD_MATCH = YES;
				CODE_SIGN_IDENTITY = "iPhone Developer";
				COPY_PHASE_STRIP = NO;
				DEBUG_INFORMATION_FORMAT = "dwarf-with-dsym";
				ENABLE_NS_ASSERTIONS = NO;
				ENABLE_STRICT_OBJC_MSGSEND = YES;
				GCC_C_LANGUAGE_STANDARD = gnu11;
				GCC_NO_COMMON_BLOCKS = YES;
				GCC_WARN_64_TO_32_BIT_CONVERSION = YES;
				GCC_WARN_ABOUT_RETURN_TYPE = YES_ERROR;
				GCC_WARN_UNDECLARED_SELECTOR = YES;
				GCC_WARN_UNINITIALIZED_AUTOS = YES_AGGRESSIVE;
				GCC_WARN_UNUSED_FUNCTION = YES;
				GCC_WARN_UNUSED_VARIABLE = YES;
				IPHONEOS_DEPLOYMENT_TARGET = 10.0;
				MTL_ENABLE_DEBUG_INFO = NO;
				SDKROOT = iphoneos;
				SWIFT_OPTIMIZATION_LEVEL = "-Owholemodule";
				VALIDATE_PRODUCT = YES;
			};
			name = Release;
		};
		C955CE3E1FBE79DE002D82B3 /* Debug */ = {
			isa = XCBuildConfiguration;
			baseConfigurationReference = 7EA701D6CA89CB48625501AC /* Pods-Car-Connect.debug.xcconfig */;
			buildSettings = {
				ASSETCATALOG_COMPILER_APPICON_NAME = AppIcon;
				CLANG_ENABLE_MODULES = YES;
				CODE_SIGN_STYLE = Automatic;
				CURRENT_PROJECT_VERSION = 12;
				DEBUG_INFORMATION_FORMAT = "dwarf-with-dsym";
				DEVELOPMENT_TEAM = NN495VBEDV;
				INFOPLIST_FILE = "Car-Connect/Supporting Files/Info.plist";
				LD_RUNPATH_SEARCH_PATHS = "$(inherited) @executable_path/Frameworks";
				PRODUCT_BUNDLE_IDENTIFIER = "com.mkdutton.Car-Connect";
				PRODUCT_NAME = "$(TARGET_NAME)";
				SWIFT_OPTIMIZATION_LEVEL = "-Onone";
				SWIFT_VERSION = 4.0;
				TARGETED_DEVICE_FAMILY = "1,2";
				VERSIONING_SYSTEM = "apple-generic";
			};
			name = Debug;
		};
		C955CE3F1FBE79DE002D82B3 /* Release */ = {
			isa = XCBuildConfiguration;
			baseConfigurationReference = 97EBF5634B809F60D44AC541 /* Pods-Car-Connect.release.xcconfig */;
			buildSettings = {
				ASSETCATALOG_COMPILER_APPICON_NAME = AppIcon;
				CLANG_ENABLE_MODULES = YES;
				CODE_SIGN_STYLE = Automatic;
				CURRENT_PROJECT_VERSION = 12;
				DEVELOPMENT_TEAM = NN495VBEDV;
				INFOPLIST_FILE = "Car-Connect/Supporting Files/Info.plist";
				LD_RUNPATH_SEARCH_PATHS = "$(inherited) @executable_path/Frameworks";
				PRODUCT_BUNDLE_IDENTIFIER = "com.mkdutton.Car-Connect";
				PRODUCT_NAME = "$(TARGET_NAME)";
				SWIFT_VERSION = 4.0;
				TARGETED_DEVICE_FAMILY = "1,2";
				VERSIONING_SYSTEM = "apple-generic";
			};
			name = Release;
		};
		C955CE411FBE79DE002D82B3 /* Debug */ = {
			isa = XCBuildConfiguration;
			baseConfigurationReference = 25AADBBC3EC3B0E1D8DF537F /* Pods-Car-ConnectTests.debug.xcconfig */;
			buildSettings = {
				ALWAYS_EMBED_SWIFT_STANDARD_LIBRARIES = YES;
				BUNDLE_LOADER = "$(TEST_HOST)";
				CODE_SIGN_STYLE = Automatic;
				DEVELOPMENT_TEAM = NN495VBEDV;
				INFOPLIST_FILE = "Car-ConnectTests/Info.plist";
				LD_RUNPATH_SEARCH_PATHS = "$(inherited) @executable_path/Frameworks @loader_path/Frameworks";
				PRODUCT_BUNDLE_IDENTIFIER = "com.mkdutton.Car-ConnectTests";
				PRODUCT_NAME = "$(TARGET_NAME)";
				SWIFT_VERSION = 4.0;
				TARGETED_DEVICE_FAMILY = "1,2";
				TEST_HOST = "$(BUILT_PRODUCTS_DIR)/Car-Connect.app/Car-Connect";
			};
			name = Debug;
		};
		C955CE421FBE79DE002D82B3 /* Release */ = {
			isa = XCBuildConfiguration;
			baseConfigurationReference = 0093859F736F97679023BB55 /* Pods-Car-ConnectTests.release.xcconfig */;
			buildSettings = {
				ALWAYS_EMBED_SWIFT_STANDARD_LIBRARIES = YES;
				BUNDLE_LOADER = "$(TEST_HOST)";
				CODE_SIGN_STYLE = Automatic;
				DEVELOPMENT_TEAM = NN495VBEDV;
				INFOPLIST_FILE = "Car-ConnectTests/Info.plist";
				LD_RUNPATH_SEARCH_PATHS = "$(inherited) @executable_path/Frameworks @loader_path/Frameworks";
				PRODUCT_BUNDLE_IDENTIFIER = "com.mkdutton.Car-ConnectTests";
				PRODUCT_NAME = "$(TARGET_NAME)";
				SWIFT_VERSION = 4.0;
				TARGETED_DEVICE_FAMILY = "1,2";
				TEST_HOST = "$(BUILT_PRODUCTS_DIR)/Car-Connect.app/Car-Connect";
			};
			name = Release;
		};
		C955CE441FBE79DE002D82B3 /* Debug */ = {
			isa = XCBuildConfiguration;
			baseConfigurationReference = C652E85AC3E29968F65B81F5 /* Pods-Car-ConnectUITests.debug.xcconfig */;
			buildSettings = {
				ALWAYS_EMBED_SWIFT_STANDARD_LIBRARIES = YES;
				CODE_SIGN_STYLE = Automatic;
				DEVELOPMENT_TEAM = NN495VBEDV;
				INFOPLIST_FILE = "Car-ConnectUITests/Info.plist";
				LD_RUNPATH_SEARCH_PATHS = "$(inherited) @executable_path/Frameworks @loader_path/Frameworks";
				PRODUCT_BUNDLE_IDENTIFIER = "com.mkdutton.Car-ConnectUITests";
				PRODUCT_NAME = "$(TARGET_NAME)";
				SWIFT_VERSION = 4.0;
				TARGETED_DEVICE_FAMILY = "1,2";
				TEST_TARGET_NAME = "Car-Connect";
			};
			name = Debug;
		};
		C955CE451FBE79DE002D82B3 /* Release */ = {
			isa = XCBuildConfiguration;
			baseConfigurationReference = 02A51ACF2CCB2DC7B61E0C69 /* Pods-Car-ConnectUITests.release.xcconfig */;
			buildSettings = {
				ALWAYS_EMBED_SWIFT_STANDARD_LIBRARIES = YES;
				CODE_SIGN_STYLE = Automatic;
				DEVELOPMENT_TEAM = NN495VBEDV;
				INFOPLIST_FILE = "Car-ConnectUITests/Info.plist";
				LD_RUNPATH_SEARCH_PATHS = "$(inherited) @executable_path/Frameworks @loader_path/Frameworks";
				PRODUCT_BUNDLE_IDENTIFIER = "com.mkdutton.Car-ConnectUITests";
				PRODUCT_NAME = "$(TARGET_NAME)";
				SWIFT_VERSION = 4.0;
				TARGETED_DEVICE_FAMILY = "1,2";
				TEST_TARGET_NAME = "Car-Connect";
			};
			name = Release;
		};
/* End XCBuildConfiguration section */

/* Begin XCConfigurationList section */
		C955CE0E1FBE79DE002D82B3 /* Build configuration list for PBXProject "Car-Connect" */ = {
			isa = XCConfigurationList;
			buildConfigurations = (
				C955CE3B1FBE79DE002D82B3 /* Debug */,
				C955CE3C1FBE79DE002D82B3 /* Release */,
			);
			defaultConfigurationIsVisible = 0;
			defaultConfigurationName = Release;
		};
		C955CE3D1FBE79DE002D82B3 /* Build configuration list for PBXNativeTarget "Car-Connect" */ = {
			isa = XCConfigurationList;
			buildConfigurations = (
				C955CE3E1FBE79DE002D82B3 /* Debug */,
				C955CE3F1FBE79DE002D82B3 /* Release */,
			);
			defaultConfigurationIsVisible = 0;
			defaultConfigurationName = Release;
		};
		C955CE401FBE79DE002D82B3 /* Build configuration list for PBXNativeTarget "Car-ConnectTests" */ = {
			isa = XCConfigurationList;
			buildConfigurations = (
				C955CE411FBE79DE002D82B3 /* Debug */,
				C955CE421FBE79DE002D82B3 /* Release */,
			);
			defaultConfigurationIsVisible = 0;
			defaultConfigurationName = Release;
		};
		C955CE431FBE79DE002D82B3 /* Build configuration list for PBXNativeTarget "Car-ConnectUITests" */ = {
			isa = XCConfigurationList;
			buildConfigurations = (
				C955CE441FBE79DE002D82B3 /* Debug */,
				C955CE451FBE79DE002D82B3 /* Release */,
			);
			defaultConfigurationIsVisible = 0;
			defaultConfigurationName = Release;
		};
/* End XCConfigurationList section */
	};
	rootObject = C955CE0B1FBE79DE002D82B3 /* Project object */;
}
